
Microsoft Visual Studio Solution File, Format Version 12.00
# Visual Studio Version 17
VisualStudioVersion = 17.5.002.0
MinimumVisualStudioVersion = 10.0.40219.1
Project("{9A19103F-16F7-4668-BE54-9A1E7A4F7556}") = "Calculator", "Calculator.csproj", "{E4E87BD7-6F60-47C0-8E01-DA3CF611396C}"
EndProject
Global
	GlobalSection(SolutionConfigurationPlatforms) = preSolution
		Debug|Any CPU = Debug|Any CPU
		Release|Any CPU = Release|Any CPU
	EndGlobalSection
	GlobalSection(ProjectConfigurationPlatforms) = postSolution
		{E4E87BD7-6F60-47C0-8E01-DA3CF611396C}.Debug|Any CPU.ActiveCfg = Debug|Any CPU
		{E4E87BD7-6F60-47C0-8E01-DA3CF611396C}.Debug|Any CPU.Build.0 = Debug|Any CPU
		{E4E87BD7-6F60-47C0-8E01-DA3CF611396C}.Release|Any CPU.ActiveCfg = Release|Any CPU
		{E4E87BD7-6F60-47C0-8E01-DA3CF611396C}.Release|Any CPU.Build.0 = Release|Any CPU
	EndGlobalSection
	GlobalSection(SolutionProperties) = preSolution
		HideSolutionNode = FALSE
	EndGlobalSection
	GlobalSection(ExtensibilityGlobals) = postSolution
		SolutionGuid = {D349799D-A888-44D1-8E28-582DCED0271A}
	EndGlobalSection
EndGlobal
